
Microsoft Visual Studio Solution File, Format Version 12.00
# Visual Studio 15
VisualStudioVersion = 15.0.27004.2002
MinimumVisualStudioVersion = 10.0.40219.1
Project("{FAE04EC0-301F-11D3-BF4B-00C04F79EFBC}") = "SiatkaStrukturalna", "SiatkaStrukturalna\SiatkaStrukturalna.csproj", "{F5816D1D-5A3D-480C-AC3D-77A787A6EA2B}"
EndProject
Global
	GlobalSection(SolutionConfigurationPlatforms) = preSolution
		Debug|Any CPU = Debug|Any CPU
		Release|Any CPU = Release|Any CPU
	EndGlobalSection
	GlobalSection(ProjectConfigurationPlatforms) = postSolution
		{F5816D1D-5A3D-480C-AC3D-77A787A6EA2B}.Debug|Any CPU.ActiveCfg = Debug|Any CPU
		{F5816D1D-5A3D-480C-AC3D-77A787A6EA2B}.Debug|Any CPU.Build.0 = Debug|Any CPU
		{F5816D1D-5A3D-480C-AC3D-77A787A6EA2B}.Release|Any CPU.ActiveCfg = Release|Any CPU
		{F5816D1D-5A3D-480C-AC3D-77A787A6EA2B}.Release|Any CPU.Build.0 = Release|Any CPU
	EndGlobalSection
	GlobalSection(SolutionProperties) = preSolution
		HideSolutionNode = FALSE
	EndGlobalSection
	GlobalSection(ExtensibilityGlobals) = postSolution
		SolutionGuid = {582D2069-154B-44B7-A915-82C88D7B23CF}
	EndGlobalSection
EndGlobal
